PODS:
  - Capacitor (7.4.5):
    - CapacitorCordova
  - CapacitorCordova (7.4.5)
  - CapacitorStatusBar (7.0.5):
    - Capacitor

DEPENDENCIES:
  - "Capacitor (from `../../../../node_modules/.pnpm/@capacitor+ios@7.4.5_@capacitor+core@7.4.5/node_modules/@capacitor/ios`)"
  - "CapacitorCordova (from `../../../../node_modules/.pnpm/@capacitor+ios@7.4.5_@capacitor+core@7.4.5/node_modules/@capacitor/ios`)"
  - "CapacitorStatusBar (from `../../../../node_modules/.pnpm/@capacitor+status-bar@7.0.5_@capacitor+core@7.4.5/node_modules/@capacitor/status-bar`)"

EXTERNAL SOURCES:
  Capacitor:
    :path: "../../../../node_modules/.pnpm/@capacitor+ios@7.4.5_@capacitor+core@7.4.5/node_modules/@capacitor/ios"
  CapacitorCordova:
    :path: "../../../../node_modules/.pnpm/@capacitor+ios@7.4.5_@capacitor+core@7.4.5/node_modules/@capacitor/ios"
  CapacitorStatusBar:
    :path: "../../../../node_modules/.pnpm/@capacitor+status-bar@7.0.5_@capacitor+core@7.4.5/node_modules/@capacitor/status-bar"

SPEC CHECKSUMS:
  Capacitor: 12914e6f1b7835e161a74ebd19cb361efa37a7dd
  CapacitorCordova: 31bbe4466000c6b86d9b7f1181ee286cff0205aa
  CapacitorStatusBar: 6de542f202c0dd3f9d0a73b240d4c9d3dddc49b4

PODFILE CHECKSUM: 6581d3f554dd8acaefe81d38190d6702354fcfe4

COCOAPODS: 1.16.2
